// !$*UTF8*$!
{
	archiveVersion = 1;
	classes = {
	};
	objectVersion = 50;
	objects = {

/* Begin PBXBuildFile section */
		B694DEB622FCC375002C2D28 /* AppDelegate.swift in Sources */ = {isa = PBXBuildFile; fileRef = B694DEB522FCC375002C2D28 /* AppDelegate.swift */; };
		B694DEB822FCC375002C2D28 /* ViewController.swift in Sources */ = {isa = PBXBuildFile; fileRef = B694DEB722FCC375002C2D28 /* ViewController.swift */; };
		B694DEBB22FCC375002C2D28 /* Main.storyboard in Resources */ = {isa = PBXBuildFile; fileRef = B694DEB922FCC375002C2D28 /* Main.storyboard */; };
		B694DEBD22FCC37A002C2D28 /* Assets.xcassets in Resources */ = {isa = PBXBuildFile; fileRef = B694DEBC22FCC37A002C2D28 /* Assets.xcassets */; };
		B694DEC022FCC37A002C2D28 /* LaunchScreen.storyboard in Resources */ = {isa = PBXBuildFile; fileRef = B694DEBE22FCC37A002C2D28 /* LaunchScreen.storyboard */; };
		B694DECB22FCC37A002C2D28 /* UdderTests.swift in Sources */ = {isa = PBXBuildFile; fileRef = B694DECA22FCC37A002C2D28 /* UdderTests.swift */; };
		B694DED622FCC37A002C2D28 /* UdderUITests.swift in Sources */ = {isa = PBXBuildFile; fileRef = B694DED522FCC37A002C2D28 /* UdderUITests.swift */; };
/* End PBXBuildFile section */

/* Begin PBXContainerItemProxy section */
		B694DEC722FCC37A002C2D28 /* PBXContainerItemProxy */ = {
			isa = PBXContainerItemProxy;
			containerPortal = B694DEAA22FCC375002C2D28 /* Project object */;
			proxyType = 1;
			remoteGlobalIDString = B694DEB122FCC375002C2D28;
			remoteInfo = Udder;
		};
		B694DED222FCC37A002C2D28 /* PBXContainerItemProxy */ = {
			isa = PBXContainerItemProxy;
			containerPortal = B694DEAA22FCC375002C2D28 /* Project object */;
			proxyType = 1;
			remoteGlobalIDString = B694DEB122FCC375002C2D28;
			remoteInfo = Udder;
		};
/* End PBXContainerItemProxy section */

/* Begin PBXFileReference section */
		B694DEB222FCC375002C2D28 /* Udder.app */ = {isa = PBXFileReference; explicitFileType = wrapper.application; includeInIndex = 0; path = Udder.app; sourceTree = BUILT_PRODUCTS_DIR; };
		B694DEB522FCC375002C2D28 /* AppDelegate.swift */ = {isa = PBXFileReference; lastKnownFileType = sourcecode.swift; path = AppDelegate.swift; sourceTree = "<group>"; };
		B694DEB722FCC375002C2D28 /* ViewController.swift */ = {isa = PBXFileReference; lastKnownFileType = sourcecode.swift; path = ViewController.swift; sourceTree = "<group>"; };
		B694DEBA22FCC375002C2D28 /* Base */ = {isa = PBXFileReference; lastKnownFileType = file.storyboard; name = Base; path = Base.lproj/Main.storyboard; sourceTree = "<group>"; };
		B694DEBC22FCC37A002C2D28 /* Assets.xcassets */ = {isa = PBXFileReference; lastKnownFileType = folder.assetcatalog; path = Assets.xcassets; sourceTree = "<group>"; };
		B694DEBF22FCC37A002C2D28 /* Base */ = {isa = PBXFileReference; lastKnownFileType = file.storyboard; name = Base; path = Base.lproj/LaunchScreen.storyboard; sourceTree = "<group>"; };
		B694DEC122FCC37A002C2D28 /* Info.plist */ = {isa = PBXFileReference; lastKnownFileType = text.plist.xml; path = Info.plist; sourceTree = "<group>"; };
		B694DEC622FCC37A002C2D28 /* UdderTests.xctest */ = {isa = PBXFileReference; explicitFileType = wrapper.cfbundle; includeInIndex = 0; path = UdderTests.xctest; sourceTree = BUILT_PRODUCTS_DIR; };
		B694DECA22FCC37A002C2D28 /* UdderTests.swift */ = {isa = PBXFileReference; lastKnownFileType = sourcecode.swift; path = UdderTests.swift; sourceTree = "<group>"; };
		B694DECC22FCC37A002C2D28 /* Info.plist */ = {isa = PBXFileReference; lastKnownFileType = text.plist.xml; path = Info.plist; sourceTree = "<group>"; };
		B694DED122FCC37A002C2D28 /* UdderUITests.xctest */ = {isa = PBXFileReference; explicitFileType = wrapper.cfbundle; includeInIndex = 0; path = UdderUITests.xctest; sourceTree = BUILT_PRODUCTS_DIR; };
		B694DED522FCC37A002C2D28 /* UdderUITests.swift */ = {isa = PBXFileReference; lastKnownFileType = sourcecode.swift; path = UdderUITests.swift; sourceTree = "<group>"; };
		B694DED722FCC37A002C2D28 /* Info.plist */ = {isa = PBXFileReference; lastKnownFileType = text.plist.xml; path = Info.plist; sourceTree = "<group>"; };
/* End PBXFileReference section */

/* Begin PBXFrameworksBuildPhase section */
		B694DEAF22FCC375002C2D28 /* Frameworks */ = {
			isa = PBXFrameworksBuildPhase;
			buildActionMask = 2147483647;
			files = (
			);
			runOnlyForDeploymentPostprocessing = 0;
		};
		B694DEC322FCC37A002C2D28 /* Frameworks */ = {
			isa = PBXFrameworksBuildPhase;
			buildActionMask = 2147483647;
			files = (
			);
			runOnlyForDeploymentPostprocessing = 0;
		};
		B694DECE22FCC37A002C2D28 /* Frameworks */ = {
			isa = PBXFrameworksBuildPhase;
			buildActionMask = 2147483647;
			files = (
			);
			runOnlyForDeploymentPostprocessing = 0;
		};
/* End PBXFrameworksBuildPhase section */

/* Begin PBXGroup section */
		B694DEA922FCC375002C2D28 = {
			isa = PBXGroup;
			children = (
				B694DEB422FCC375002C2D28 /* Udder */,
				B694DEC922FCC37A002C2D28 /* UdderTests */,
				B694DED422FCC37A002C2D28 /* UdderUITests */,
				B694DEB322FCC375002C2D28 /* Products */,
			);
			sourceTree = "<group>";
		};
		B694DEB322FCC375002C2D28 /* Products */ = {
			isa = PBXGroup;
			children = (
				B694DEB222FCC375002C2D28 /* Udder.app */,
				B694DEC622FCC37A002C2D28 /* UdderTests.xctest */,
				B694DED122FCC37A002C2D28 /* UdderUITests.xctest */,
			);
			name = Products;
			sourceTree = "<group>";
		};
		B694DEB422FCC375002C2D28 /* Udder */ = {
			isa = PBXGroup;
			children = (
				B694DEB522FCC375002C2D28 /* AppDelegate.swift */,
				B694DEB722FCC375002C2D28 /* ViewController.swift */,
				B694DEB922FCC375002C2D28 /* Main.storyboard */,
				B694DEBC22FCC37A002C2D28 /* Assets.xcassets */,
				B694DEBE22FCC37A002C2D28 /* LaunchScreen.storyboard */,
				B694DEC122FCC37A002C2D28 /* Info.plist */,
			);
			path = Udder;
			sourceTree = "<group>";
		};
		B694DEC922FCC37A002C2D28 /* UdderTests */ = {
			isa = PBXGroup;
			children = (
				B694DECA22FCC37A002C2D28 /* UdderTests.swift */,
				B694DECC22FCC37A002C2D28 /* Info.plist */,
			);
			path = UdderTests;
			sourceTree = "<group>";
		};
		B694DED422FCC37A002C2D28 /* UdderUITests */ = {
			isa = PBXGroup;
			children = (
				B694DED522FCC37A002C2D28 /* UdderUITests.swift */,
				B694DED722FCC37A002C2D28 /* Info.plist */,
			);
			path = UdderUITests;
			sourceTree = "<group>";
		};
/* End PBXGroup section */

/* Begin PBXNativeTarget section */
		B694DEB122FCC375002C2D28 /* Udder */ = {
			isa = PBXNativeTarget;
			buildConfigurationList = B694DEDA22FCC37A002C2D28 /* Build configuration list for PBXNativeTarget "Udder" */;
			buildPhases = (
				B694DEAE22FCC375002C2D28 /* Sources */,
				B694DEAF22FCC375002C2D28 /* Frameworks */,
				B694DEB022FCC375002C2D28 /* Resources */,
			);
			buildRules = (
			);
			dependencies = (
			);
			name = Udder;
			productName = Udder;
			productReference = B694DEB222FCC375002C2D28 /* Udder.app */;
			productType = "com.apple.product-type.application";
		};
		B694DEC522FCC37A002C2D28 /* UdderTests */ = {
			isa = PBXNativeTarget;
			buildConfigurationList = B694DEDD22FCC37A002C2D28 /* Build configuration list for PBXNativeTarget "UdderTests" */;
			buildPhases = (
				B694DEC222FCC37A002C2D28 /* Sources */,
				B694DEC322FCC37A002C2D28 /* Frameworks */,
				B694DEC422FCC37A002C2D28 /* Resources */,
			);
			buildRules = (
			);
			dependencies = (
				B694DEC822FCC37A002C2D28 /* PBXTargetDependency */,
			);
			name = UdderTests;
			productName = UdderTests;
			productReference = B694DEC622FCC37A002C2D28 /* UdderTests.xctest */;
			productType = "com.apple.product-type.bundle.unit-test";
		};
		B694DED022FCC37A002C2D28 /* UdderUITests */ = {
			isa = PBXNativeTarget;
			buildConfigurationList = B694DEE022FCC37A002C2D28 /* Build configuration list for PBXNativeTarget "UdderUITests" */;
			buildPhases = (
				B694DECD22FCC37A002C2D28 /* Sources */,
				B694DECE22FCC37A002C2D28 /* Frameworks */,
				B694DECF22FCC37A002C2D28 /* Resources */,
			);
			buildRules = (
			);
			dependencies = (
				B694DED322FCC37A002C2D28 /* PBXTargetDependency */,
			);
			name = UdderUITests;
			productName = UdderUITests;
			productReference = B694DED122FCC37A002C2D28 /* UdderUITests.xctest */;
			productType = "com.apple.product-type.bundle.ui-testing";
		};
/* End PBXNativeTarget section */

/* Begin PBXProject section */
		B694DEAA22FCC375002C2D28 /* Project object */ = {
			isa = PBXProject;
			attributes = {
				LastSwiftUpdateCheck = 1030;
				LastUpgradeCheck = 1030;
				ORGANIZATIONNAME = "Mseak GR";
				TargetAttributes = {
					B694DEB122FCC375002C2D28 = {
						CreatedOnToolsVersion = 10.3;
					};
					B694DEC522FCC37A002C2D28 = {
						CreatedOnToolsVersion = 10.3;
						TestTargetID = B694DEB122FCC375002C2D28;
					};
					B694DED022FCC37A002C2D28 = {
						CreatedOnToolsVersion = 10.3;
						TestTargetID = B694DEB122FCC375002C2D28;
					};
				};
			};
			buildConfigurationList = B694DEAD22FCC375002C2D28 /* Build configuration list for PBXProject "Udder" */;
			compatibilityVersion = "Xcode 9.3";
			developmentRegion = en;
			hasScannedForEncodings = 0;
			knownRegions = (
				en,
				Base,
			);
			mainGroup = B694DEA922FCC375002C2D28;
			productRefGroup = B694DEB322FCC375002C2D28 /* Products */;
			projectDirPath = "";
			projectRoot = "";
			targets = (
				B694DEB122FCC375002C2D28 /* Udder */,
				B694DEC522FCC37A002C2D28 /* UdderTests */,
				B694DED022FCC37A002C2D28 /* UdderUITests */,
			);
		};
/* End PBXProject section */

/* Begin PBXResourcesBuildPhase section */
		B694DEB022FCC375002C2D28 /* Resources */ = {
			isa = PBXResourcesBuildPhase;
			buildActionMask = 2147483647;
			files = (
				B694DEC022FCC37A002C2D28 /* LaunchScreen.storyboard in Resources */,
				B694DEBD22FCC37A002C2D28 /* Assets.xcassets in Resources */,
				B694DEBB22FCC375002C2D28 /* Main.storyboard in Resources */,
			);
			runOnlyForDeploymentPostprocessing = 0;
		};
		B694DEC422FCC37A002C2D28 /* Resources */ = {
			isa = PBXResourcesBuildPhase;
			buildActionMask = 2147483647;
			files = (
			);
			runOnlyForDeploymentPostprocessing = 0;
		};
		B694DECF22FCC37A002C2D28 /* Resources */ = {
			isa = PBXResourcesBuildPhase;
			buildActionMask = 2147483647;
			files = (
			);
			runOnlyForDeploymentPostprocessing = 0;
		};
/* End PBXResourcesBuildPhase section */

/* Begin PBXSourcesBuildPhase section */
		B694DEAE22FCC375002C2D28 /* Sources */ = {
			isa = PBXSourcesBuildPhase;
			buildActionMask = 2147483647;
			files = (
				B694DEB822FCC375002C2D28 /* ViewController.swift in Sources */,
				B694DEB622FCC375002C2D28 /* AppDelegate.swift in Sources */,
			);
			runOnlyForDeploymentPostprocessing = 0;
		};
		B694DEC222FCC37A002C2D28 /* Sources */ = {
			isa = PBXSourcesBuildPhase;
			buildActionMask = 2147483647;
			files = (
				B694DECB22FCC37A002C2D28 /* UdderTests.swift in Sources */,
			);
			runOnlyForDeploymentPostprocessing = 0;
		};
		B694DECD22FCC37A002C2D28 /* Sources */ = {
			isa = PBXSourcesBuildPhase;
			buildActionMask = 2147483647;
			files = (
				B694DED622FCC37A002C2D28 /* UdderUITests.swift in Sources */,
			);
			runOnlyForDeploymentPostprocessing = 0;
		};
/* End PBXSourcesBuildPhase section */

/* Begin PBXTargetDependency section */
		B694DEC822FCC37A002C2D28 /* PBXTargetDependency */ = {
			isa = PBXTargetDependency;
			target = B694DEB122FCC375002C2D28 /* Udder */;
			targetProxy = B694DEC722FCC37A002C2D28 /* PBXContainerItemProxy */;
		};
		B694DED322FCC37A002C2D28 /* PBXTargetDependency */ = {
			isa = PBXTargetDependency;
			target = B694DEB122FCC375002C2D28 /* Udder */;
			targetProxy = B694DED222FCC37A002C2D28 /* PBXContainerItemProxy */;
		};
/* End PBXTargetDependency section */

/* Begin PBXVariantGroup section */
		B694DEB922FCC375002C2D28 /* Main.storyboard */ = {
			isa = PBXVariantGroup;
			children = (
				B694DEBA22FCC375002C2D28 /* Base */,
			);
			name = Main.storyboard;
			sourceTree = "<group>";
		};
		B694DEBE22FCC37A002C2D28 /* LaunchScreen.storyboard */ = {
			isa = PBXVariantGroup;
			children = (
				B694DEBF22FCC37A002C2D28 /* Base */,
			);
			name = LaunchScreen.storyboard;
			sourceTree = "<group>";
		};
/* End PBXVariantGroup section */

/* Begin XCBuildConfiguration section */
		B694DED822FCC37A002C2D28 /* Debug */ = {
			isa = XCBuildConfiguration;
			buildSettings = {
				ALWAYS_SEARCH_USER_PATHS = NO;
				CLANG_ANALYZER_NONNULL = YES;
				CLANG_ANALYZER_NUMBER_OBJECT_CONVERSION = YES_AGGRESSIVE;
				CLANG_CXX_LANGUAGE_STANDARD = "gnu++14";
				CLANG_CXX_LIBRARY = "libc++";
				CLANG_ENABLE_MODULES = YES;
				CLANG_ENABLE_OBJC_ARC = YES;
				CLANG_ENABLE_OBJC_WEAK = YES;
				CLANG_WARN_BLOCK_CAPTURE_AUTORELEASING = YES;
				CLANG_WARN_BOOL_CONVERSION = YES;
				CLANG_WARN_COMMA = YES;
				CLANG_WARN_CONSTANT_CONVERSION = YES;
				CLANG_WARN_DEPRECATED_OBJC_IMPLEMENTATIONS = YES;
				CLANG_WARN_DIRECT_OBJC_ISA_USAGE = YES_ERROR;
				CLANG_WARN_DOCUMENTATION_COMMENTS = YES;
				CLANG_WARN_EMPTY_BODY = YES;
				CLANG_WARN_ENUM_CONVERSION = YES;
				CLANG_WARN_INFINITE_RECURSION = YES;
				CLANG_WARN_INT_CONVERSION = YES;
				CLANG_WARN_NON_LITERAL_NULL_CONVERSION = YES;
				CLANG_WARN_OBJC_IMPLICIT_RETAIN_SELF = YES;
				CLANG_WARN_OBJC_LITERAL_CONVERSION = YES;
				CLANG_WARN_OBJC_ROOT_CLASS = YES_ERROR;
				CLANG_WARN_RANGE_LOOP_ANALYSIS = YES;
				CLANG_WARN_STRICT_PROTOTYPES = YES;
				CLANG_WARN_SUSPICIOUS_MOVE = YES;
				CLANG_WARN_UNGUARDED_AVAILABILITY = YES_AGGRESSIVE;
				CLANG_WARN_UNREACHABLE_CODE = YES;
				CLANG_WARN__DUPLICATE_METHOD_MATCH = YES;
				CODE_SIGN_IDENTITY = "iPhone Developer";
				COPY_PHASE_STRIP = NO;
				DEBUG_INFORMATION_FORMAT = dwarf;
				ENABLE_STRICT_OBJC_MSGSEND = YES;
				ENABLE_TESTABILITY = YES;
				GCC_C_LANGUAGE_STANDARD = gnu11;
				GCC_DYNAMIC_NO_PIC = NO;
				GCC_NO_COMMON_BLOCKS = YES;
				GCC_OPTIMIZATION_LEVEL = 0;
				GCC_PREPROCESSOR_DEFINITIONS = (
					"DEBUG=1",
					"$(inherited)",
				);
				GCC_WARN_64_TO_32_BIT_CONVERSION = YES;
				GCC_WARN_ABOUT_RETURN_TYPE = YES_ERROR;
				GCC_WARN_UNDECLARED_SELECTOR = YES;
				GCC_WARN_UNINITIALIZED_AUTOS = YES_AGGRESSIVE;
				GCC_WARN_UNUSED_FUNCTION = YES;
				GCC_WARN_UNUSED_VARIABLE = YES;
				IPHONEOS_DEPLOYMENT_TARGET = 12.4;
				MTL_ENABLE_DEBUG_INFO = INCLUDE_SOURCE;
				MTL_FAST_MATH = YES;
				ONLY_ACTIVE_ARCH = YES;
				SDKROOT = iphoneos;
				SWIFT_ACTIVE_COMPILATION_CONDITIONS = DEBUG;
				SWIFT_OPTIMIZATION_LEVEL = "-Onone";
			};
			name = Debug;
		};
		B694DED922FCC37A002C2D28 /* Release */ = {
			isa = XCBuildConfiguration;
			buildSettings = {
				ALWAYS_SEARCH_USER_PATHS = NO;
				CLANG_ANALYZER_NONNULL = YES;
				CLANG_ANALYZER_NUMBER_OBJECT_CONVERSION = YES_AGGRESSIVE;
				CLANG_CXX_LANGUAGE_STANDARD = "gnu++14";
				CLANG_CXX_LIBRARY = "libc++";
				CLANG_ENABLE_MODULES = YES;
				CLANG_ENABLE_OBJC_ARC = YES;
				CLANG_ENABLE_OBJC_WEAK = YES;
				CLANG_WARN_BLOCK_CAPTURE_AUTORELEASING = YES;
				CLANG_WARN_BOOL_CONVERSION = YES;
				CLANG_WARN_COMMA = YES;
				CLANG_WARN_CONSTANT_CONVERSION = YES;
				CLANG_WARN_DEPRECATED_OBJC_IMPLEMENTATIONS = YES;
				CLANG_WARN_DIRECT_OBJC_ISA_USAGE = YES_ERROR;
				CLANG_WARN_DOCUMENTATION_COMMENTS = YES;
				CLANG_WARN_EMPTY_BODY = YES;
				CLANG_WARN_ENUM_CONVERSION = YES;
				CLANG_WARN_INFINITE_RECURSION = YES;
				CLANG_WARN_INT_CONVERSION = YES;
				CLANG_WARN_NON_LITERAL_NULL_CONVERSION = YES;
				CLANG_WARN_OBJC_IMPLICIT_RETAIN_SELF = YES;
				CLANG_WARN_OBJC_LITERAL_CONVERSION = YES;
				CLANG_WARN_OBJC_ROOT_CLASS = YES_ERROR;
				CLANG_WARN_RANGE_LOOP_ANALYSIS = YES;
				CLANG_WARN_STRICT_PROTOTYPES = YES;
				CLANG_WARN_SUSPICIOUS_MOVE = YES;
				CLANG_WARN_UNGUARDED_AVAILABILITY = YES_AGGRESSIVE;
				CLANG_WARN_UNREACHABLE_CODE = YES;
				CLANG_WARN__DUPLICATE_METHOD_MATCH = YES;
				CODE_SIGN_IDENTITY = "iPhone Developer";
				COPY_PHASE_STRIP = NO;
				DEBUG_INFORMATION_FORMAT = "dwarf-with-dsym";
				ENABLE_NS_ASSERTIONS = NO;
				ENABLE_STRICT_OBJC_MSGSEND = YES;
				GCC_C_LANGUAGE_STANDARD = gnu11;
				GCC_NO_COMMON_BLOCKS = YES;
				GCC_WARN_64_TO_32_BIT_CONVERSION = YES;
				GCC_WARN_ABOUT_RETURN_TYPE = YES_ERROR;
				GCC_WARN_UNDECLARED_SELECTOR = YES;
				GCC_WARN_UNINITIALIZED_AUTOS = YES_AGGRESSIVE;
				GCC_WARN_UNUSED_FUNCTION = YES;
				GCC_WARN_UNUSED_VARIABLE = YES;
				IPHONEOS_DEPLOYMENT_TARGET = 12.4;
				MTL_ENABLE_DEBUG_INFO = NO;
				MTL_FAST_MATH = YES;
				SDKROOT = iphoneos;
				SWIFT_COMPILATION_MODE = wholemodule;
				SWIFT_OPTIMIZATION_LEVEL = "-O";
				VALIDATE_PRODUCT = YES;
			};
			name = Release;
		};
		B694DEDB22FCC37A002C2D28 /* Debug */ = {
			isa = XCBuildConfiguration;
			buildSettings = {
				ASSETCATALOG_COMPILER_APPICON_NAME = AppIcon;
				CODE_SIGN_STYLE = Automatic;
				DEVELOPMENT_TEAM = 5K2CJZ9X3B;
				INFOPLIST_FILE = Udder/Info.plist;
				LD_RUNPATH_SEARCH_PATHS = (
					"$(inherited)",
					"@executable_path/Frameworks",
				);
				PRODUCT_BUNDLE_IDENTIFIER = mseak.Udder;
				PRODUCT_NAME = "$(TARGET_NAME)";
				SWIFT_VERSION = 5.0;
				TARGETED_DEVICE_FAMILY = "1,2";
			};
			name = Debug;
		};
		B694DEDC22FCC37A002C2D28 /* Release */ = {
			isa = XCBuildConfiguration;
			buildSettings = {
				ASSETCATALOG_COMPILER_APPICON_NAME = AppIcon;
				CODE_SIGN_STYLE = Automatic;
				DEVELOPMENT_TEAM = 5K2CJZ9X3B;
				INFOPLIST_FILE = Udder/Info.plist;
				LD_RUNPATH_SEARCH_PATHS = (
					"$(inherited)",
					"@executable_path/Frameworks",
				);
				PRODUCT_BUNDLE_IDENTIFIER = mseak.Udder;
				PRODUCT_NAME = "$(TARGET_NAME)";
				SWIFT_VERSION = 5.0;
				TARGETED_DEVICE_FAMILY = "1,2";
			};
			name = Release;
		};
		B694DEDE22FCC37A002C2D28 /* Debug */ = {
			isa = XCBuildConfiguration;
			buildSettings = {
				ALWAYS_EMBED_SWIFT_STANDARD_LIBRARIES = YES;
				BUNDLE_LOADER = "$(TEST_HOST)";
				CODE_SIGN_STYLE = Automatic;
				INFOPLIST_FILE = UdderTests/Info.plist;
				LD_RUNPATH_SEARCH_PATHS = (
					"$(inherited)",
					"@executable_path/Frameworks",
					"@loader_path/Frameworks",
				);
				PRODUCT_BUNDLE_IDENTIFIER = mseak.UdderTests;
				PRODUCT_NAME = "$(TARGET_NAME)";
				SWIFT_VERSION = 5.0;
				TARGETED_DEVICE_FAMILY = "1,2";
				TEST_HOST = "$(BUILT_PRODUCTS_DIR)/Udder.app/Udder";
			};
			name = Debug;
		};
		B694DEDF22FCC37A002C2D28 /* Release */ = {
			isa = XCBuildConfiguration;
			buildSettings = {
				ALWAYS_EMBED_SWIFT_STANDARD_LIBRARIES = YES;
				BUNDLE_LOADER = "$(TEST_HOST)";
				CODE_SIGN_STYLE = Automatic;
				INFOPLIST_FILE = UdderTests/Info.plist;
				LD_RUNPATH_SEARCH_PATHS = (
					"$(inherited)",
					"@executable_path/Frameworks",
					"@loader_path/Frameworks",
				);
				PRODUCT_BUNDLE_IDENTIFIER = mseak.UdderTests;
				PRODUCT_NAME = "$(TARGET_NAME)";
				SWIFT_VERSION = 5.0;
				TARGETED_DEVICE_FAMILY = "1,2";
				TEST_HOST = "$(BUILT_PRODUCTS_DIR)/Udder.app/Udder";
			};
			name = Release;
		};
		B694DEE122FCC37A002C2D28 /* Debug */ = {
			isa = XCBuildConfiguration;
			buildSettings = {
				ALWAYS_EMBED_SWIFT_STANDARD_LIBRARIES = YES;
				CODE_SIGN_STYLE = Automatic;
				INFOPLIST_FILE = UdderUITests/Info.plist;
				LD_RUNPATH_SEARCH_PATHS = (
					"$(inherited)",
					"@executable_path/Frameworks",
					"@loader_path/Frameworks",
				);
				PRODUCT_BUNDLE_IDENTIFIER = mseak.UdderUITests;
				PRODUCT_NAME = "$(TARGET_NAME)";
				SWIFT_VERSION = 5.0;
				TARGETED_DEVICE_FAMILY = "1,2";
				TEST_TARGET_NAME = Udder;
			};
			name = Debug;
		};
		B694DEE222FCC37A002C2D28 /* Release */ = {
			isa = XCBuildConfiguration;
			buildSettings = {
				ALWAYS_EMBED_SWIFT_STANDARD_LIBRARIES = YES;
				CODE_SIGN_STYLE = Automatic;
				INFOPLIST_FILE = UdderUITests/Info.plist;
				LD_RUNPATH_SEARCH_PATHS = (
					"$(inherited)",
					"@executable_path/Frameworks",
					"@loader_path/Frameworks",
				);
				PRODUCT_BUNDLE_IDENTIFIER = mseak.UdderUITests;
				PRODUCT_NAME = "$(TARGET_NAME)";
				SWIFT_VERSION = 5.0;
				TARGETED_DEVICE_FAMILY = "1,2";
				TEST_TARGET_NAME = Udder;
			};
			name = Release;
		};
/* End XCBuildConfiguration section */

/* Begin XCConfigurationList section */
		B694DEAD22FCC375002C2D28 /* Build configuration list for PBXProject "Udder" */ = {
			isa = XCConfigurationList;
			buildConfigurations = (
				B694DED822FCC37A002C2D28 /* Debug */,
				B694DED922FCC37A002C2D28 /* Release */,
			);
			defaultConfigurationIsVisible = 0;
			defaultConfigurationName = Release;
		};
		B694DEDA22FCC37A002C2D28 /* Build configuration list for PBXNativeTarget "Udder" */ = {
			isa = XCConfigurationList;
			buildConfigurations = (
				B694DEDB22FCC37A002C2D28 /* Debug */,
				B694DEDC22FCC37A002C2D28 /* Release */,
			);
			defaultConfigurationIsVisible = 0;
			defaultConfigurationName = Release;
		};
		B694DEDD22FCC37A002C2D28 /* Build configuration list for PBXNativeTarget "UdderTests" */ = {
			isa = XCConfigurationList;
			buildConfigurations = (
				B694DEDE22FCC37A002C2D28 /* Debug */,
				B694DEDF22FCC37A002C2D28 /* Release */,
			);
			defaultConfigurationIsVisible = 0;
			defaultConfigurationName = Release;
		};
		B694DEE022FCC37A002C2D28 /* Build configuration list for PBXNativeTarget "UdderUITests" */ = {
			isa = XCConfigurationList;
			buildConfigurations = (
				B694DEE122FCC37A002C2D28 /* Debug */,
				B694DEE222FCC37A002C2D28 /* Release */,
			);
			defaultConfigurationIsVisible = 0;
			defaultConfigurationName = Release;
		};
/* End XCConfigurationList section */
	};
	rootObject = B694DEAA22FCC375002C2D28 /* Project object */;
}
